
Microsoft Visual Studio Solution File, Format Version 12.00
# Visual Studio Version 16
VisualStudioVersion = 16.0.31321.278
MinimumVisualStudioVersion = 10.0.40219.1
Project("{FAE04EC0-301F-11D3-BF4B-00C04F79EFBC}") = "HOBInternalApp", "HOBInternalApp\HOBInternalApp.csproj", "{87049046-40E1-44A8-A61F-63D32712373F}"
EndProject
Project("{FAE04EC0-301F-11D3-BF4B-00C04F79EFBC}") = "Business", "Business\Business.csproj", "{14F7E5F9-A0A7-41FD-826D-E8E5265EE650}"
EndProject
Project("{FAE04EC0-301F-11D3-BF4B-00C04F79EFBC}") = "DataAccess", "DataAccess\DataAccess.csproj", "{EB454375-9592-427B-AEF2-D02C6DDFF91C}"
EndProject
Project("{FAE04EC0-301F-11D3-BF4B-00C04F79EFBC}") = "Common", "Common\Common.csproj", "{8383F605-9493-4503-AD87-26945BCF3DF5}"
EndProject
Project("{FAE04EC0-301F-11D3-BF4B-00C04F79EFBC}") = "Models", "Models\Models.csproj", "{0B92BC24-30DC-4ED8-8735-95F2C85D2D66}"
EndProject
Global
	GlobalSection(SolutionConfigurationPlatforms) = preSolution
		Debug|Any CPU = Debug|Any CPU
		Release|Any CPU = Release|Any CPU
	EndGlobalSection
	GlobalSection(ProjectConfigurationPlatforms) = postSolution
		{87049046-40E1-44A8-A61F-63D32712373F}.Debug|Any CPU.ActiveCfg = Debug|Any CPU
		{87049046-40E1-44A8-A61F-63D32712373F}.Debug|Any CPU.Build.0 = Debug|Any CPU
		{87049046-40E1-44A8-A61F-63D32712373F}.Release|Any CPU.ActiveCfg = Release|Any CPU
		{87049046-40E1-44A8-A61F-63D32712373F}.Release|Any CPU.Build.0 = Release|Any CPU
		{14F7E5F9-A0A7-41FD-826D-E8E5265EE650}.Debug|Any CPU.ActiveCfg = Debug|Any CPU
		{14F7E5F9-A0A7-41FD-826D-E8E5265EE650}.Debug|Any CPU.Build.0 = Debug|Any CPU
		{14F7E5F9-A0A7-41FD-826D-E8E5265EE650}.Release|Any CPU.ActiveCfg = Release|Any CPU
		{14F7E5F9-A0A7-41FD-826D-E8E5265EE650}.Release|Any CPU.Build.0 = Release|Any CPU
		{EB454375-9592-427B-AEF2-D02C6DDFF91C}.Debug|Any CPU.ActiveCfg = Debug|Any CPU
		{EB454375-9592-427B-AEF2-D02C6DDFF91C}.Debug|Any CPU.Build.0 = Debug|Any CPU
		{EB454375-9592-427B-AEF2-D02C6DDFF91C}.Release|Any CPU.ActiveCfg = Release|Any CPU
		{EB454375-9592-427B-AEF2-D02C6DDFF91C}.Release|Any CPU.Build.0 = Release|Any CPU
		{8383F605-9493-4503-AD87-26945BCF3DF5}.Debug|Any CPU.ActiveCfg = Debug|Any CPU
		{8383F605-9493-4503-AD87-26945BCF3DF5}.Debug|Any CPU.Build.0 = Debug|Any CPU
		{8383F605-9493-4503-AD87-26945BCF3DF5}.Release|Any CPU.ActiveCfg = Release|Any CPU
		{8383F605-9493-4503-AD87-26945BCF3DF5}.Release|Any CPU.Build.0 = Release|Any CPU
		{0B92BC24-30DC-4ED8-8735-95F2C85D2D66}.Debug|Any CPU.ActiveCfg = Debug|Any CPU
		{0B92BC24-30DC-4ED8-8735-95F2C85D2D66}.Debug|Any CPU.Build.0 = Debug|Any CPU
		{0B92BC24-30DC-4ED8-8735-95F2C85D2D66}.Release|Any CPU.ActiveCfg = Release|Any CPU
		{0B92BC24-30DC-4ED8-8735-95F2C85D2D66}.Release|Any CPU.Build.0 = Release|Any CPU
	EndGlobalSection
	GlobalSection(SolutionProperties) = preSolution
		HideSolutionNode = FALSE
	EndGlobalSection
	GlobalSection(ExtensibilityGlobals) = postSolution
		SolutionGuid = {8B8E3069-38C3-42A1-8572-FD4F1D2EF393}
	EndGlobalSection
EndGlobal
